
Microsoft Visual Studio Solution File, Format Version 12.00
# Visual Studio Version 17
VisualStudioVersion = 17.4.33213.308
MinimumVisualStudioVersion = 10.0.40219.1
Project("{9A19103F-16F7-4668-BE54-9A1E7A4F7556}") = "LambdaPP_WebAPI_Alpha", "LamdbdaPP_WebAPI_Alpha\LambdaPP_WebAPI_Alpha.csproj", "{739BD6E0-BF5F-4664-AACB-D1AAEE9795EF}"
EndProject
Global
	GlobalSection(SolutionConfigurationPlatforms) = preSolution
		Debug|Any CPU = Debug|Any CPU
		Release|Any CPU = Release|Any CPU
	EndGlobalSection
	GlobalSection(ProjectConfigurationPlatforms) = postSolution
		{739BD6E0-BF5F-4664-AACB-D1AAEE9795EF}.Debug|Any CPU.ActiveCfg = Debug|Any CPU
		{739BD6E0-BF5F-4664-AACB-D1AAEE9795EF}.Debug|Any CPU.Build.0 = Debug|Any CPU
		{739BD6E0-BF5F-4664-AACB-D1AAEE9795EF}.Release|Any CPU.ActiveCfg = Release|Any CPU
		{739BD6E0-BF5F-4664-AACB-D1AAEE9795EF}.Release|Any CPU.Build.0 = Release|Any CPU
	EndGlobalSection
	GlobalSection(SolutionProperties) = preSolution
		HideSolutionNode = FALSE
	EndGlobalSection
	GlobalSection(ExtensibilityGlobals) = postSolution
		SolutionGuid = {30018A25-F0AC-470A-B8FC-79C823965416}
	EndGlobalSection
EndGlobal
